
Microsoft Visual Studio Solution File, Format Version 12.00
# Visual Studio 15
VisualStudioVersion = 15.0.28307.271
MinimumVisualStudioVersion = 10.0.40219.1
Project("{FAE04EC0-301F-11D3-BF4B-00C04F79EFBC}") = "VisaMyp", "TemplateFormMyp\VisaMyp.csproj", "{0A400275-0382-4199-B79A-3B43B7819727}"
EndProject
Global
	GlobalSection(SolutionConfigurationPlatforms) = preSolution
		Debug|Any CPU = Debug|Any CPU
		Release|Any CPU = Release|Any CPU
	EndGlobalSection
	GlobalSection(ProjectConfigurationPlatforms) = postSolution
		{0A400275-0382-4199-B79A-3B43B7819727}.Debug|Any CPU.ActiveCfg = Debug|Any CPU
		{0A400275-0382-4199-B79A-3B43B7819727}.Debug|Any CPU.Build.0 = Debug|Any CPU
		{0A400275-0382-4199-B79A-3B43B7819727}.Release|Any CPU.ActiveCfg = Release|Any CPU
		{0A400275-0382-4199-B79A-3B43B7819727}.Release|Any CPU.Build.0 = Release|Any CPU
	EndGlobalSection
	GlobalSection(SolutionProperties) = preSolution
		HideSolutionNode = FALSE
	EndGlobalSection
	GlobalSection(ExtensibilityGlobals) = postSolution
		SolutionGuid = {CDEE8DC6-1217-4209-A310-777051D84E30}
	EndGlobalSection
EndGlobal
